
Microsoft Visual Studio Solution File, Format Version 11.00
# Visual C++ Express 2010
Project("{8BC9CEB8-8B4A-11D0-8D11-00A0C91BC942}") = "최종", "최종.vcxproj", "{700692FF-B70D-45D9-8431-EA739ADA2A6C}"
EndProject
Global
	GlobalSection(SolutionConfigurationPlatforms) = preSolution
		Debug|Win32 = Debug|Win32
		Release|Win32 = Release|Win32
	EndGlobalSection
	GlobalSection(ProjectConfigurationPlatforms) = postSolution
		{700692FF-B70D-45D9-8431-EA739ADA2A6C}.Debug|Win32.ActiveCfg = Debug|Win32
		{700692FF-B70D-45D9-8431-EA739ADA2A6C}.Debug|Win32.Build.0 = Debug|Win32
		{700692FF-B70D-45D9-8431-EA739ADA2A6C}.Release|Win32.ActiveCfg = Release|Win32
		{700692FF-B70D-45D9-8431-EA739ADA2A6C}.Release|Win32.Build.0 = Release|Win32
	EndGlobalSection
	GlobalSection(SolutionProperties) = preSolution
		HideSolutionNode = FALSE
	EndGlobalSection
EndGlobal
